{
  "originHash" : "b23dfd98a89e3c6f37a4fc1e10622a7b373f81ca9261aadc9bbd7d602437a1fe",
  "pins" : [
    {
      "identity" : "factory",
      "kind" : "remoteSourceControl",
      "location" : "https://github.com/hmlongco/Factory",
      "state" : {
        "branch" : "main",
        "revision" : "39acd513aff9f7b1c64bc199937b5b4bf2c07505"
      }
    },
    {
      "identity" : "navigator",
      "kind" : "remoteSourceControl",
      "location" : "https://github.com/hmlongco/Navigator",
      "state" : {
        "branch" : "main",
        "revision" : "509fd4c65f031f582d536f3fe3f18698ecb11fdb"
      }
    },
    {
      "identity" : "runes",
      "kind" : "remoteSourceControl",
      "location" : "https://github.com/hmlongco/Runes",
      "state" : {
        "branch" : "main",
        "revision" : "9f358f36bada836b0dcde5b36cb0826a4f3c8dce"
      }
    }
  ],
  "version" : 3
}
