{
  "originHash" : "cacbda2e3a545ba5796f18d7d0636bacc49aec66e591e332660c3ac8dbd4937c",
  "pins" : [
    {
      "identity" : "factory",
      "kind" : "remoteSourceControl",
      "location" : "https://github.com/hmlongco/Factory",
      "state" : {
        "branch" : "macros",
        "revision" : "8f29c780b0e73627c3a540dd598f679424abd5d9"
      }
    },
    {
      "identity" : "navigator",
      "kind" : "remoteSourceControl",
      "location" : "https://github.com/hmlongco/Navigator",
      "state" : {
        "branch" : "main",
        "revision" : "509fd4c65f031f582d536f3fe3f18698ecb11fdb"
      }
    },
    {
      "identity" : "runes",
      "kind" : "remoteSourceControl",
      "location" : "https://github.com/hmlongco/Runes",
      "state" : {
        "branch" : "main",
        "revision" : "9f358f36bada836b0dcde5b36cb0826a4f3c8dce"
      }
    },
    {
      "identity" : "swift-syntax",
      "kind" : "remoteSourceControl",
      "location" : "https://github.com/swiftlang/swift-syntax.git",
      "state" : {
        "revision" : "f99ae8aa18f0cf0d53481901f88a0991dc3bd4a2",
        "version" : "601.0.1"
      }
    }
  ],
  "version" : 3
}
